
Microsoft Visual Studio Solution File, Format Version 12.00
# Visual Studio Version 16
VisualStudioVersion = 16.0.31205.134
MinimumVisualStudioVersion = 10.0.40219.1
Project("{FAE04EC0-301F-11D3-BF4B-00C04F79EFBC}") = "ReaktionstesterInterface", "ReaktionstesterInterface\ReaktionstesterInterface.csproj", "{9BA947A3-685E-4BBC-ACDB-911E290B5981}"
EndProject
Project("{FAE04EC0-301F-11D3-BF4B-00C04F79EFBC}") = "ErrorLogger", "ErrorLogger\ErrorLogger.csproj", "{3188EB40-13E2-49D4-A1DA-C05717C8F361}"
EndProject
Global
	GlobalSection(SolutionConfigurationPlatforms) = preSolution
		Debug|Any CPU = Debug|Any CPU
		Release|Any CPU = Release|Any CPU
	EndGlobalSection
	GlobalSection(ProjectConfigurationPlatforms) = postSolution
		{9BA947A3-685E-4BBC-ACDB-911E290B5981}.Debug|Any CPU.ActiveCfg = Debug|Any CPU
		{9BA947A3-685E-4BBC-ACDB-911E290B5981}.Debug|Any CPU.Build.0 = Debug|Any CPU
		{9BA947A3-685E-4BBC-ACDB-911E290B5981}.Release|Any CPU.ActiveCfg = Release|Any CPU
		{9BA947A3-685E-4BBC-ACDB-911E290B5981}.Release|Any CPU.Build.0 = Release|Any CPU
		{3188EB40-13E2-49D4-A1DA-C05717C8F361}.Debug|Any CPU.ActiveCfg = Debug|Any CPU
		{3188EB40-13E2-49D4-A1DA-C05717C8F361}.Debug|Any CPU.Build.0 = Debug|Any CPU
		{3188EB40-13E2-49D4-A1DA-C05717C8F361}.Release|Any CPU.ActiveCfg = Release|Any CPU
		{3188EB40-13E2-49D4-A1DA-C05717C8F361}.Release|Any CPU.Build.0 = Release|Any CPU
	EndGlobalSection
	GlobalSection(SolutionProperties) = preSolution
		HideSolutionNode = FALSE
	EndGlobalSection
	GlobalSection(ExtensibilityGlobals) = postSolution
		SolutionGuid = {0FB10784-A954-4245-8907-B93A0E54CAFC}
	EndGlobalSection
EndGlobal
